// !$*UTF8*$!
{
	archiveVersion = 1;
	classes = {
	};
	objectVersion = 46;
	objects = {

/* Begin PBXBuildFile section */
		F075F6AD1DDEAA2C009AD89B /* AppDelegate.swift in Sources */ = {isa = PBXBuildFile; fileRef = F075F6AC1DDEAA2C009AD89B /* AppDelegate.swift */; };
		F075F6AF1DDEAA2C009AD89B /* ViewController.swift in Sources */ = {isa = PBXBuildFile; fileRef = F075F6AE1DDEAA2C009AD89B /* ViewController.swift */; };
		F075F6B21DDEAA2C009AD89B /* Main.storyboard in Resources */ = {isa = PBXBuildFile; fileRef = F075F6B01DDEAA2C009AD89B /* Main.storyboard */; };
		F075F6B41DDEAA2C009AD89B /* Assets.xcassets in Resources */ = {isa = PBXBuildFile; fileRef = F075F6B31DDEAA2C009AD89B /* Assets.xcassets */; };
		F075F6B71DDEAA2C009AD89B /* LaunchScreen.storyboard in Resources */ = {isa = PBXBuildFile; fileRef = F075F6B51DDEAA2C009AD89B /* LaunchScreen.storyboard */; };
		F075F6BF1DDEAAA8009AD89B /* Datos.swift in Sources */ = {isa = PBXBuildFile; fileRef = F075F6BE1DDEAAA8009AD89B /* Datos.swift */; };
/* End PBXBuildFile section */

/* Begin PBXFileReference section */
		F075F6A91DDEAA2B009AD89B /* Hamburguesas.app */ = {isa = PBXFileReference; explicitFileType = wrapper.application; includeInIndex = 0; path = Hamburguesas.app; sourceTree = BUILT_PRODUCTS_DIR; };
		F075F6AC1DDEAA2C009AD89B /* AppDelegate.swift */ = {isa = PBXFileReference; lastKnownFileType = sourcecode.swift; path = AppDelegate.swift; sourceTree = "<group>"; };
		F075F6AE1DDEAA2C009AD89B /* ViewController.swift */ = {isa = PBXFileReference; lastKnownFileType = sourcecode.swift; path = ViewController.swift; sourceTree = "<group>"; };
		F075F6B11DDEAA2C009AD89B /* Base */ = {isa = PBXFileReference; lastKnownFileType = file.storyboard; name = Base; path = Base.lproj/Main.storyboard; sourceTree = "<group>"; };
		F075F6B31DDEAA2C009AD89B /* Assets.xcassets */ = {isa = PBXFileReference; lastKnownFileType = folder.assetcatalog; path = Assets.xcassets; sourceTree = "<group>"; };
		F075F6B61DDEAA2C009AD89B /* Base */ = {isa = PBXFileReference; lastKnownFileType = file.storyboard; name = Base; path = Base.lproj/LaunchScreen.storyboard; sourceTree = "<group>"; };
		F075F6B81DDEAA2C009AD89B /* Info.plist */ = {isa = PBXFileReference; lastKnownFileType = text.plist.xml; path = Info.plist; sourceTree = "<group>"; };
		F075F6BE1DDEAAA8009AD89B /* Datos.swift */ = {isa = PBXFileReference; fileEncoding = 4; lastKnownFileType = sourcecode.swift; path = Datos.swift; sourceTree = "<group>"; };
/* End PBXFileReference section */

/* Begin PBXFrameworksBuildPhase section */
		F075F6A61DDEAA2B009AD89B /* Frameworks */ = {
			isa = PBXFrameworksBuildPhase;
			buildActionMask = 2147483647;
			files = (
			);
			runOnlyForDeploymentPostprocessing = 0;
		};
/* End PBXFrameworksBuildPhase section */

/* Begin PBXGroup section */
		F075F6A01DDEAA2B009AD89B = {
			isa = PBXGroup;
			children = (
				F075F6AB1DDEAA2B009AD89B /* Hamburguesas */,
				F075F6AA1DDEAA2B009AD89B /* Products */,
			);
			sourceTree = "<group>";
		};
		F075F6AA1DDEAA2B009AD89B /* Products */ = {
			isa = PBXGroup;
			children = (
				F075F6A91DDEAA2B009AD89B /* Hamburguesas.app */,
			);
			name = Products;
			sourceTree = "<group>";
		};
		F075F6AB1DDEAA2B009AD89B /* Hamburguesas */ = {
			isa = PBXGroup;
			children = (
				F075F6AC1DDEAA2C009AD89B /* AppDelegate.swift */,
				F075F6AE1DDEAA2C009AD89B /* ViewController.swift */,
				F075F6B01DDEAA2C009AD89B /* Main.storyboard */,
				F075F6B31DDEAA2C009AD89B /* Assets.xcassets */,
				F075F6B51DDEAA2C009AD89B /* LaunchScreen.storyboard */,
				F075F6B81DDEAA2C009AD89B /* Info.plist */,
				F075F6BE1DDEAAA8009AD89B /* Datos.swift */,
			);
			path = Hamburguesas;
			sourceTree = "<group>";
		};
/* End PBXGroup section */

/* Begin PBXNativeTarget section */
		F075F6A81DDEAA2B009AD89B /* Hamburguesas */ = {
			isa = PBXNativeTarget;
			buildConfigurationList = F075F6BB1DDEAA2C009AD89B /* Build configuration list for PBXNativeTarget "Hamburguesas" */;
			buildPhases = (
				F075F6A51DDEAA2B009AD89B /* Sources */,
				F075F6A61DDEAA2B009AD89B /* Frameworks */,
				F075F6A71DDEAA2B009AD89B /* Resources */,
			);
			buildRules = (
			);
			dependencies = (
			);
			name = Hamburguesas;
			productName = Hamburguesas;
			productReference = F075F6A91DDEAA2B009AD89B /* Hamburguesas.app */;
			productType = "com.apple.product-type.application";
		};
/* End PBXNativeTarget section */

/* Begin PBXProject section */
		F075F6A11DDEAA2B009AD89B /* Project object */ = {
			isa = PBXProject;
			attributes = {
				LastSwiftUpdateCheck = 0810;
				LastUpgradeCheck = 0810;
				ORGANIZATIONNAME = "Jose Duin";
				TargetAttributes = {
					F075F6A81DDEAA2B009AD89B = {
						CreatedOnToolsVersion = 8.1;
						ProvisioningStyle = Automatic;
					};
				};
			};
			buildConfigurationList = F075F6A41DDEAA2B009AD89B /* Build configuration list for PBXProject "Hamburguesas" */;
			compatibilityVersion = "Xcode 3.2";
			developmentRegion = English;
			hasScannedForEncodings = 0;
			knownRegions = (
				en,
				Base,
			);
			mainGroup = F075F6A01DDEAA2B009AD89B;
			productRefGroup = F075F6AA1DDEAA2B009AD89B /* Products */;
			projectDirPath = "";
			projectRoot = "";
			targets = (
				F075F6A81DDEAA2B009AD89B /* Hamburguesas */,
			);
		};
/* End PBXProject section */

/* Begin PBXResourcesBuildPhase section */
		F075F6A71DDEAA2B009AD89B /* Resources */ = {
			isa = PBXResourcesBuildPhase;
			buildActionMask = 2147483647;
			files = (
				F075F6B71DDEAA2C009AD89B /* LaunchScreen.storyboard in Resources */,
				F075F6B41DDEAA2C009AD89B /* Assets.xcassets in Resources */,
				F075F6B21DDEAA2C009AD89B /* Main.storyboard in Resources */,
			);
			runOnlyForDeploymentPostprocessing = 0;
		};
/* End PBXResourcesBuildPhase section */

/* Begin PBXSourcesBuildPhase section */
		F075F6A51DDEAA2B009AD89B /* Sources */ = {
			isa = PBXSourcesBuildPhase;
			buildActionMask = 2147483647;
			files = (
				F075F6AF1DDEAA2C009AD89B /* ViewController.swift in Sources */,
				F075F6AD1DDEAA2C009AD89B /* AppDelegate.swift in Sources */,
				F075F6BF1DDEAAA8009AD89B /* Datos.swift in Sources */,
			);
			runOnlyForDeploymentPostprocessing = 0;
		};
/* End PBXSourcesBuildPhase section */

/* Begin PBXVariantGroup section */
		F075F6B01DDEAA2C009AD89B /* Main.storyboard */ = {
			isa = PBXVariantGroup;
			children = (
				F075F6B11DDEAA2C009AD89B /* Base */,
			);
			name = Main.storyboard;
			sourceTree = "<group>";
		};
		F075F6B51DDEAA2C009AD89B /* LaunchScreen.storyboard */ = {
			isa = PBXVariantGroup;
			children = (
				F075F6B61DDEAA2C009AD89B /* Base */,
			);
			name = LaunchScreen.storyboard;
			sourceTree = "<group>";
		};
/* End PBXVariantGroup section */

/* Begin XCBuildConfiguration section */
		F075F6B91DDEAA2C009AD89B /* Debug */ = {
			isa = XCBuildConfiguration;
			buildSettings = {
				ALWAYS_SEARCH_USER_PATHS = NO;
				CLANG_ANALYZER_NONNULL = YES;
				CLANG_CXX_LANGUAGE_STANDARD = "gnu++0x";
				CLANG_CXX_LIBRARY = "libc++";
				CLANG_ENABLE_MODULES = YES;
				CLANG_ENABLE_OBJC_ARC = YES;
				CLANG_WARN_BOOL_CONVERSION = YES;
				CLANG_WARN_CONSTANT_CONVERSION = YES;
				CLANG_WARN_DIRECT_OBJC_ISA_USAGE = YES_ERROR;
				CLANG_WARN_DOCUMENTATION_COMMENTS = YES;
				CLANG_WARN_EMPTY_BODY = YES;
				CLANG_WARN_ENUM_CONVERSION = YES;
				CLANG_WARN_INFINITE_RECURSION = YES;
				CLANG_WARN_INT_CONVERSION = YES;
				CLANG_WARN_OBJC_ROOT_CLASS = YES_ERROR;
				CLANG_WARN_SUSPICIOUS_MOVES = YES;
				CLANG_WARN_UNREACHABLE_CODE = YES;
				CLANG_WARN__DUPLICATE_METHOD_MATCH = YES;
				"CODE_SIGN_IDENTITY[sdk=iphoneos*]" = "iPhone Developer";
				COPY_PHASE_STRIP = NO;
				DEBUG_INFORMATION_FORMAT = dwarf;
				ENABLE_STRICT_OBJC_MSGSEND = YES;
				ENABLE_TESTABILITY = YES;
				GCC_C_LANGUAGE_STANDARD = gnu99;
				GCC_DYNAMIC_NO_PIC = NO;
				GCC_NO_COMMON_BLOCKS = YES;
				GCC_OPTIMIZATION_LEVEL = 0;
				GCC_PREPROCESSOR_DEFINITIONS = (
					"DEBUG=1",
					"$(inherited)",
				);
				GCC_WARN_64_TO_32_BIT_CONVERSION = YES;
				GCC_WARN_ABOUT_RETURN_TYPE = YES_ERROR;
				GCC_WARN_UNDECLARED_SELECTOR = YES;
				GCC_WARN_UNINITIALIZED_AUTOS = YES_AGGRESSIVE;
				GCC_WARN_UNUSED_FUNCTION = YES;
				GCC_WARN_UNUSED_VARIABLE = YES;
				IPHONEOS_DEPLOYMENT_TARGET = 10.1;
				MTL_ENABLE_DEBUG_INFO = YES;
				ONLY_ACTIVE_ARCH = YES;
				SDKROOT = iphoneos;
				SWIFT_ACTIVE_COMPILATION_CONDITIONS = DEBUG;
				SWIFT_OPTIMIZATION_LEVEL = "-Onone";
			};
			name = Debug;
		};
		F075F6BA1DDEAA2C009AD89B /* Release */ = {
			isa = XCBuildConfiguration;
			buildSettings = {
				ALWAYS_SEARCH_USER_PATHS = NO;
				CLANG_ANALYZER_NONNULL = YES;
				CLANG_CXX_LANGUAGE_STANDARD = "gnu++0x";
				CLANG_CXX_LIBRARY = "libc++";
				CLANG_ENABLE_MODULES = YES;
				CLANG_ENABLE_OBJC_ARC = YES;
				CLANG_WARN_BOOL_CONVERSION = YES;
				CLANG_WARN_CONSTANT_CONVERSION = YES;
				CLANG_WARN_DIRECT_OBJC_ISA_USAGE = YES_ERROR;
				CLANG_WARN_DOCUMENTATION_COMMENTS = YES;
				CLANG_WARN_EMPTY_BODY = YES;
				CLANG_WARN_ENUM_CONVERSION = YES;
				CLANG_WARN_INFINITE_RECURSION = YES;
				CLANG_WARN_INT_CONVERSION = YES;
				CLANG_WARN_OBJC_ROOT_CLASS = YES_ERROR;
				CLANG_WARN_SUSPICIOUS_MOVES = YES;
				CLANG_WARN_UNREACHABLE_CODE = YES;
				CLANG_WARN__DUPLICATE_METHOD_MATCH = YES;
				"CODE_SIGN_IDENTITY[sdk=iphoneos*]" = "iPhone Developer";
				COPY_PHASE_STRIP = NO;
				DEBUG_INFORMATION_FORMAT = "dwarf-with-dsym";
				ENABLE_NS_ASSERTIONS = NO;
				ENABLE_STRICT_OBJC_MSGSEND = YES;
				GCC_C_LANGUAGE_STANDARD = gnu99;
				GCC_NO_COMMON_BLOCKS = YES;
				GCC_WARN_64_TO_32_BIT_CONVERSION = YES;
				GCC_WARN_ABOUT_RETURN_TYPE = YES_ERROR;
				GCC_WARN_UNDECLARED_SELECTOR = YES;
				GCC_WARN_UNINITIALIZED_AUTOS = YES_AGGRESSIVE;
				GCC_WARN_UNUSED_FUNCTION = YES;
				GCC_WARN_UNUSED_VARIABLE = YES;
				IPHONEOS_DEPLOYMENT_TARGET = 10.1;
				MTL_ENABLE_DEBUG_INFO = NO;
				SDKROOT = iphoneos;
				SWIFT_OPTIMIZATION_LEVEL = "-Owholemodule";
				VALIDATE_PRODUCT = YES;
			};
			name = Release;
		};
		F075F6BC1DDEAA2C009AD89B /* Debug */ = {
			isa = XCBuildConfiguration;
			buildSettings = {
				ASSETCATALOG_COMPILER_APPICON_NAME = AppIcon;
				INFOPLIST_FILE = Hamburguesas/Info.plist;
				LD_RUNPATH_SEARCH_PATHS = "$(inherited) @executable_path/Frameworks";
				PRODUCT_BUNDLE_IDENTIFIER = coursera.Hamburguesas;
				PRODUCT_NAME = "$(TARGET_NAME)";
				SWIFT_VERSION = 3.0;
			};
			name = Debug;
		};
		F075F6BD1DDEAA2C009AD89B /* Release */ = {
			isa = XCBuildConfiguration;
			buildSettings = {
				ASSETCATALOG_COMPILER_APPICON_NAME = AppIcon;
				INFOPLIST_FILE = Hamburguesas/Info.plist;
				LD_RUNPATH_SEARCH_PATHS = "$(inherited) @executable_path/Frameworks";
				PRODUCT_BUNDLE_IDENTIFIER = coursera.Hamburguesas;
				PRODUCT_NAME = "$(TARGET_NAME)";
				SWIFT_VERSION = 3.0;
			};
			name = Release;
		};
/* End XCBuildConfiguration section */

/* Begin XCConfigurationList section */
		F075F6A41DDEAA2B009AD89B /* Build configuration list for PBXProject "Hamburguesas" */ = {
			isa = XCConfigurationList;
			buildConfigurations = (
				F075F6B91DDEAA2C009AD89B /* Debug */,
				F075F6BA1DDEAA2C009AD89B /* Release */,
			);
			defaultConfigurationIsVisible = 0;
			defaultConfigurationName = Release;
		};
		F075F6BB1DDEAA2C009AD89B /* Build configuration list for PBXNativeTarget "Hamburguesas" */ = {
			isa = XCConfigurationList;
			buildConfigurations = (
				F075F6BC1DDEAA2C009AD89B /* Debug */,
				F075F6BD1DDEAA2C009AD89B /* Release */,
			);
			defaultConfigurationIsVisible = 0;
		};
/* End XCConfigurationList section */
	};
	rootObject = F075F6A11DDEAA2B009AD89B /* Project object */;
}
